
Microsoft Visual Studio Solution File, Format Version 12.00
# Visual Studio Version 16
VisualStudioVersion = 16.0.30503.244
MinimumVisualStudioVersion = 10.0.40219.1
Project("{FAE04EC0-301F-11D3-BF4B-00C04F79EFBC}") = "OphiasPerkFixes", "OphiasPerkFixes.csproj", "{518D292F-8549-43FD-82F8-EAD8410515DA}"
EndProject
Global
	GlobalSection(SolutionConfigurationPlatforms) = preSolution
		Debug|Any CPU = Debug|Any CPU
		Release|Any CPU = Release|Any CPU
	EndGlobalSection
	GlobalSection(ProjectConfigurationPlatforms) = postSolution
		{518D292F-8549-43FD-82F8-EAD8410515DA}.Debug|Any CPU.ActiveCfg = Debug|Any CPU
		{518D292F-8549-43FD-82F8-EAD8410515DA}.Debug|Any CPU.Build.0 = Debug|Any CPU
		{518D292F-8549-43FD-82F8-EAD8410515DA}.Release|Any CPU.ActiveCfg = Release|Any CPU
		{518D292F-8549-43FD-82F8-EAD8410515DA}.Release|Any CPU.Build.0 = Release|Any CPU
	EndGlobalSection
	GlobalSection(SolutionProperties) = preSolution
		HideSolutionNode = FALSE
	EndGlobalSection
	GlobalSection(ExtensibilityGlobals) = postSolution
		SolutionGuid = {D8E28279-FBB6-4DED-B5A5-297D1C5F5109}
	EndGlobalSection
EndGlobal
